# This file is automatically @generated by Cargo.
# It is not intended for manual editing.
version = 3

[[package]]
name = "bikeshedwaveform"
version = "0.1.0"
dependencies = [
 "bikeshedwaveform_core",
 "bikeshedwaveform_iced",
 "bikeshedwaveform_wgpu",
]

[[package]]
name = "bikeshedwaveform_core"
version = "0.1.0"

[[package]]
name = "bikeshedwaveform_iced"
version = "0.1.0"
dependencies = [
 "bikeshedwaveform_core",
 "bikeshedwaveform_wgpu",
]

[[package]]
name = "bikeshedwaveform_wgpu"
version = "0.1.0"
dependencies = [
 "bikeshedwaveform_core",
]
